
Microsoft Visual Studio Solution File, Format Version 12.00
# Visual Studio Version 16
VisualStudioVersion = 16.0.28917.182
MinimumVisualStudioVersion = 10.0.40219.1
Project("{FAE04EC0-301F-11D3-BF4B-00C04F79EFBC}") = "Shop.Common", "Shop.Common\Shop.Common.csproj", "{90A6551A-101F-44A2-92AE-E228E2054D63}"
EndProject
Project("{2150E333-8FDC-42A3-9474-1A3956D46DE8}") = "Backend", "Backend", "{31043BDB-6ECF-4466-8E8F-6ABBD1F7E36B}"
EndProject
Project("{2150E333-8FDC-42A3-9474-1A3956D46DE8}") = "Frontend", "Frontend", "{4D42C2F2-8E6A-47DA-B08F-0E3159AD06FA}"
EndProject
Project("{FAE04EC0-301F-11D3-BF4B-00C04F79EFBC}") = "Shop.Web", "Shop.Web\Shop.Web.csproj", "{09D53617-D3ED-4191-81D8-2E01C0A3DA5F}"
EndProject
Project("{2150E333-8FDC-42A3-9474-1A3956D46DE8}") = "Forms", "Forms", "{ACAD98F6-84E2-44A3-81FF-F2BC07D6056A}"
EndProject
Project("{2150E333-8FDC-42A3-9474-1A3956D46DE8}") = "Classic", "Classic", "{51AF0B4E-92A4-436C-A4CA-F0EE302FB5BD}"
EndProject
Project("{FAE04EC0-301F-11D3-BF4B-00C04F79EFBC}") = "Shop.UIForms.UWP", "Shop.UIForms\Shop.UIForms.UWP\Shop.UIForms.UWP.csproj", "{BA986018-C1B1-44D0-BB02-7E9A9E78FFC8}"
EndProject
Project("{FAE04EC0-301F-11D3-BF4B-00C04F79EFBC}") = "Shop.UIForms.Android", "Shop.UIForms\Shop.UIForms.Android\Shop.UIForms.Android.csproj", "{512DBFCE-B041-4901-BC39-CF9D66BF5CB2}"
EndProject
Project("{FAE04EC0-301F-11D3-BF4B-00C04F79EFBC}") = "Shop.UIForms.iOS", "Shop.UIForms\Shop.UIForms.iOS\Shop.UIForms.iOS.csproj", "{1A79A9A1-B871-4389-B403-B60B2905EC5B}"
EndProject
Project("{FAE04EC0-301F-11D3-BF4B-00C04F79EFBC}") = "Shop.UIForms", "Shop.UIForms\Shop.UIForms\Shop.UIForms.csproj", "{DF77B0A3-7CBD-423B-9AF9-47FDB49EE0E9}"
EndProject
Project("{FAE04EC0-301F-11D3-BF4B-00C04F79EFBC}") = "Shop.UIClassic", "Shop.UIClassic\Shop.UIClassic.csproj", "{236CBCCD-E23B-42BA-9CD7-4A65C611584C}"
EndProject
Project("{FAE04EC0-301F-11D3-BF4B-00C04F79EFBC}") = "Shop.UIClassic.Android", "Shop.UIClassic.Android\Shop.UIClassic.Android.csproj", "{6CA1DBD2-9DD6-48D3-B009-4572D31DE761}"
EndProject
Project("{FAE04EC0-301F-11D3-BF4B-00C04F79EFBC}") = "Shop.UIClassic.iOS", "Shop.UIClassic.iOS\Shop.UIClassic.iOS.csproj", "{41489972-4AAB-49AC-9FC9-5C81A1094838}"
EndProject
Global
	GlobalSection(SolutionConfigurationPlatforms) = preSolution
		Debug|Any CPU = Debug|Any CPU
		Debug|ARM = Debug|ARM
		Debug|iPhone = Debug|iPhone
		Debug|iPhoneSimulator = Debug|iPhoneSimulator
		Debug|x64 = Debug|x64
		Debug|x86 = Debug|x86
		Release|Any CPU = Release|Any CPU
		Release|ARM = Release|ARM
		Release|iPhone = Release|iPhone
		Release|iPhoneSimulator = Release|iPhoneSimulator
		Release|x64 = Release|x64
		Release|x86 = Release|x86
	EndGlobalSection
	GlobalSection(ProjectConfigurationPlatforms) = postSolution
		{90A6551A-101F-44A2-92AE-E228E2054D63}.Debug|Any CPU.ActiveCfg = Debug|Any CPU
		{90A6551A-101F-44A2-92AE-E228E2054D63}.Debug|Any CPU.Build.0 = Debug|Any CPU
		{90A6551A-101F-44A2-92AE-E228E2054D63}.Debug|ARM.ActiveCfg = Debug|Any CPU
		{90A6551A-101F-44A2-92AE-E228E2054D63}.Debug|ARM.Build.0 = Debug|Any CPU
		{90A6551A-101F-44A2-92AE-E228E2054D63}.Debug|iPhone.ActiveCfg = Debug|Any CPU
		{90A6551A-101F-44A2-92AE-E228E2054D63}.Debug|iPhone.Build.0 = Debug|Any CPU
		{90A6551A-101F-44A2-92AE-E228E2054D63}.Debug|iPhoneSimulator.ActiveCfg = Debug|Any CPU
		{90A6551A-101F-44A2-92AE-E228E2054D63}.Debug|iPhoneSimulator.Build.0 = Debug|Any CPU
		{90A6551A-101F-44A2-92AE-E228E2054D63}.Debug|x64.ActiveCfg = Debug|Any CPU
		{90A6551A-101F-44A2-92AE-E228E2054D63}.Debug|x64.Build.0 = Debug|Any CPU
		{90A6551A-101F-44A2-92AE-E228E2054D63}.Debug|x86.ActiveCfg = Debug|Any CPU
		{90A6551A-101F-44A2-92AE-E228E2054D63}.Debug|x86.Build.0 = Debug|Any CPU
		{90A6551A-101F-44A2-92AE-E228E2054D63}.Release|Any CPU.ActiveCfg = Release|Any CPU
		{90A6551A-101F-44A2-92AE-E228E2054D63}.Release|Any CPU.Build.0 = Release|Any CPU
		{90A6551A-101F-44A2-92AE-E228E2054D63}.Release|ARM.ActiveCfg = Release|Any CPU
		{90A6551A-101F-44A2-92AE-E228E2054D63}.Release|ARM.Build.0 = Release|Any CPU
		{90A6551A-101F-44A2-92AE-E228E2054D63}.Release|iPhone.ActiveCfg = Release|Any CPU
		{90A6551A-101F-44A2-92AE-E228E2054D63}.Release|iPhone.Build.0 = Release|Any CPU
		{90A6551A-101F-44A2-92AE-E228E2054D63}.Release|iPhoneSimulator.ActiveCfg = Release|Any CPU
		{90A6551A-101F-44A2-92AE-E228E2054D63}.Release|iPhoneSimulator.Build.0 = Release|Any CPU
		{90A6551A-101F-44A2-92AE-E228E2054D63}.Release|x64.ActiveCfg = Release|Any CPU
		{90A6551A-101F-44A2-92AE-E228E2054D63}.Release|x64.Build.0 = Release|Any CPU
		{90A6551A-101F-44A2-92AE-E228E2054D63}.Release|x86.ActiveCfg = Release|Any CPU
		{90A6551A-101F-44A2-92AE-E228E2054D63}.Release|x86.Build.0 = Release|Any CPU
		{09D53617-D3ED-4191-81D8-2E01C0A3DA5F}.Debug|Any CPU.ActiveCfg = Debug|Any CPU
		{09D53617-D3ED-4191-81D8-2E01C0A3DA5F}.Debug|Any CPU.Build.0 = Debug|Any CPU
		{09D53617-D3ED-4191-81D8-2E01C0A3DA5F}.Debug|ARM.ActiveCfg = Debug|Any CPU
		{09D53617-D3ED-4191-81D8-2E01C0A3DA5F}.Debug|ARM.Build.0 = Debug|Any CPU
		{09D53617-D3ED-4191-81D8-2E01C0A3DA5F}.Debug|iPhone.ActiveCfg = Debug|Any CPU
		{09D53617-D3ED-4191-81D8-2E01C0A3DA5F}.Debug|iPhone.Build.0 = Debug|Any CPU
		{09D53617-D3ED-4191-81D8-2E01C0A3DA5F}.Debug|iPhoneSimulator.ActiveCfg = Debug|Any CPU
		{09D53617-D3ED-4191-81D8-2E01C0A3DA5F}.Debug|iPhoneSimulator.Build.0 = Debug|Any CPU
		{09D53617-D3ED-4191-81D8-2E01C0A3DA5F}.Debug|x64.ActiveCfg = Debug|Any CPU
		{09D53617-D3ED-4191-81D8-2E01C0A3DA5F}.Debug|x64.Build.0 = Debug|Any CPU
		{09D53617-D3ED-4191-81D8-2E01C0A3DA5F}.Debug|x86.ActiveCfg = Debug|Any CPU
		{09D53617-D3ED-4191-81D8-2E01C0A3DA5F}.Debug|x86.Build.0 = Debug|Any CPU
		{09D53617-D3ED-4191-81D8-2E01C0A3DA5F}.Release|Any CPU.ActiveCfg = Release|Any CPU
		{09D53617-D3ED-4191-81D8-2E01C0A3DA5F}.Release|Any CPU.Build.0 = Release|Any CPU
		{09D53617-D3ED-4191-81D8-2E01C0A3DA5F}.Release|ARM.ActiveCfg = Release|Any CPU
		{09D53617-D3ED-4191-81D8-2E01C0A3DA5F}.Release|ARM.Build.0 = Release|Any CPU
		{09D53617-D3ED-4191-81D8-2E01C0A3DA5F}.Release|iPhone.ActiveCfg = Release|Any CPU
		{09D53617-D3ED-4191-81D8-2E01C0A3DA5F}.Release|iPhone.Build.0 = Release|Any CPU
		{09D53617-D3ED-4191-81D8-2E01C0A3DA5F}.Release|iPhoneSimulator.ActiveCfg = Release|Any CPU
		{09D53617-D3ED-4191-81D8-2E01C0A3DA5F}.Release|iPhoneSimulator.Build.0 = Release|Any CPU
		{09D53617-D3ED-4191-81D8-2E01C0A3DA5F}.Release|x64.ActiveCfg = Release|Any CPU
		{09D53617-D3ED-4191-81D8-2E01C0A3DA5F}.Release|x64.Build.0 = Release|Any CPU
		{09D53617-D3ED-4191-81D8-2E01C0A3DA5F}.Release|x86.ActiveCfg = Release|Any CPU
		{09D53617-D3ED-4191-81D8-2E01C0A3DA5F}.Release|x86.Build.0 = Release|Any CPU
		{BA986018-C1B1-44D0-BB02-7E9A9E78FFC8}.Debug|Any CPU.ActiveCfg = Debug|x86
		{BA986018-C1B1-44D0-BB02-7E9A9E78FFC8}.Debug|ARM.ActiveCfg = Debug|ARM
		{BA986018-C1B1-44D0-BB02-7E9A9E78FFC8}.Debug|ARM.Build.0 = Debug|ARM
		{BA986018-C1B1-44D0-BB02-7E9A9E78FFC8}.Debug|ARM.Deploy.0 = Debug|ARM
		{BA986018-C1B1-44D0-BB02-7E9A9E78FFC8}.Debug|iPhone.ActiveCfg = Debug|x86
		{BA986018-C1B1-44D0-BB02-7E9A9E78FFC8}.Debug|iPhoneSimulator.ActiveCfg = Debug|x86
		{BA986018-C1B1-44D0-BB02-7E9A9E78FFC8}.Debug|x64.ActiveCfg = Debug|x64
		{BA986018-C1B1-44D0-BB02-7E9A9E78FFC8}.Debug|x64.Build.0 = Debug|x64
		{BA986018-C1B1-44D0-BB02-7E9A9E78FFC8}.Debug|x64.Deploy.0 = Debug|x64
		{BA986018-C1B1-44D0-BB02-7E9A9E78FFC8}.Debug|x86.ActiveCfg = Debug|x86
		{BA986018-C1B1-44D0-BB02-7E9A9E78FFC8}.Debug|x86.Build.0 = Debug|x86
		{BA986018-C1B1-44D0-BB02-7E9A9E78FFC8}.Debug|x86.Deploy.0 = Debug|x86
		{BA986018-C1B1-44D0-BB02-7E9A9E78FFC8}.Release|Any CPU.ActiveCfg = Release|x86
		{BA986018-C1B1-44D0-BB02-7E9A9E78FFC8}.Release|ARM.ActiveCfg = Release|ARM
		{BA986018-C1B1-44D0-BB02-7E9A9E78FFC8}.Release|ARM.Build.0 = Release|ARM
		{BA986018-C1B1-44D0-BB02-7E9A9E78FFC8}.Release|ARM.Deploy.0 = Release|ARM
		{BA986018-C1B1-44D0-BB02-7E9A9E78FFC8}.Release|iPhone.ActiveCfg = Release|x86
		{BA986018-C1B1-44D0-BB02-7E9A9E78FFC8}.Release|iPhoneSimulator.ActiveCfg = Release|x86
		{BA986018-C1B1-44D0-BB02-7E9A9E78FFC8}.Release|x64.ActiveCfg = Release|x64
		{BA986018-C1B1-44D0-BB02-7E9A9E78FFC8}.Release|x64.Build.0 = Release|x64
		{BA986018-C1B1-44D0-BB02-7E9A9E78FFC8}.Release|x64.Deploy.0 = Release|x64
		{BA986018-C1B1-44D0-BB02-7E9A9E78FFC8}.Release|x86.ActiveCfg = Release|x86
		{BA986018-C1B1-44D0-BB02-7E9A9E78FFC8}.Release|x86.Build.0 = Release|x86
		{BA986018-C1B1-44D0-BB02-7E9A9E78FFC8}.Release|x86.Deploy.0 = Release|x86
		{512DBFCE-B041-4901-BC39-CF9D66BF5CB2}.Debug|Any CPU.ActiveCfg = Debug|Any CPU
		{512DBFCE-B041-4901-BC39-CF9D66BF5CB2}.Debug|Any CPU.Build.0 = Debug|Any CPU
		{512DBFCE-B041-4901-BC39-CF9D66BF5CB2}.Debug|Any CPU.Deploy.0 = Debug|Any CPU
		{512DBFCE-B041-4901-BC39-CF9D66BF5CB2}.Debug|ARM.ActiveCfg = Debug|Any CPU
		{512DBFCE-B041-4901-BC39-CF9D66BF5CB2}.Debug|ARM.Build.0 = Debug|Any CPU
		{512DBFCE-B041-4901-BC39-CF9D66BF5CB2}.Debug|ARM.Deploy.0 = Debug|Any CPU
		{512DBFCE-B041-4901-BC39-CF9D66BF5CB2}.Debug|iPhone.ActiveCfg = Debug|Any CPU
		{512DBFCE-B041-4901-BC39-CF9D66BF5CB2}.Debug|iPhone.Build.0 = Debug|Any CPU
		{512DBFCE-B041-4901-BC39-CF9D66BF5CB2}.Debug|iPhone.Deploy.0 = Debug|Any CPU
		{512DBFCE-B041-4901-BC39-CF9D66BF5CB2}.Debug|iPhoneSimulator.ActiveCfg = Debug|Any CPU
		{512DBFCE-B041-4901-BC39-CF9D66BF5CB2}.Debug|iPhoneSimulator.Build.0 = Debug|Any CPU
		{512DBFCE-B041-4901-BC39-CF9D66BF5CB2}.Debug|iPhoneSimulator.Deploy.0 = Debug|Any CPU
		{512DBFCE-B041-4901-BC39-CF9D66BF5CB2}.Debug|x64.ActiveCfg = Debug|Any CPU
		{512DBFCE-B041-4901-BC39-CF9D66BF5CB2}.Debug|x64.Build.0 = Debug|Any CPU
		{512DBFCE-B041-4901-BC39-CF9D66BF5CB2}.Debug|x64.Deploy.0 = Debug|Any CPU
		{512DBFCE-B041-4901-BC39-CF9D66BF5CB2}.Debug|x86.ActiveCfg = Debug|Any CPU
		{512DBFCE-B041-4901-BC39-CF9D66BF5CB2}.Debug|x86.Build.0 = Debug|Any CPU
		{512DBFCE-B041-4901-BC39-CF9D66BF5CB2}.Debug|x86.Deploy.0 = Debug|Any CPU
		{512DBFCE-B041-4901-BC39-CF9D66BF5CB2}.Release|Any CPU.ActiveCfg = Release|Any CPU
		{512DBFCE-B041-4901-BC39-CF9D66BF5CB2}.Release|Any CPU.Build.0 = Release|Any CPU
		{512DBFCE-B041-4901-BC39-CF9D66BF5CB2}.Release|Any CPU.Deploy.0 = Release|Any CPU
		{512DBFCE-B041-4901-BC39-CF9D66BF5CB2}.Release|ARM.ActiveCfg = Release|Any CPU
		{512DBFCE-B041-4901-BC39-CF9D66BF5CB2}.Release|ARM.Build.0 = Release|Any CPU
		{512DBFCE-B041-4901-BC39-CF9D66BF5CB2}.Release|ARM.Deploy.0 = Release|Any CPU
		{512DBFCE-B041-4901-BC39-CF9D66BF5CB2}.Release|iPhone.ActiveCfg = Release|Any CPU
		{512DBFCE-B041-4901-BC39-CF9D66BF5CB2}.Release|iPhone.Build.0 = Release|Any CPU
		{512DBFCE-B041-4901-BC39-CF9D66BF5CB2}.Release|iPhone.Deploy.0 = Release|Any CPU
		{512DBFCE-B041-4901-BC39-CF9D66BF5CB2}.Release|iPhoneSimulator.ActiveCfg = Release|Any CPU
		{512DBFCE-B041-4901-BC39-CF9D66BF5CB2}.Release|iPhoneSimulator.Build.0 = Release|Any CPU
		{512DBFCE-B041-4901-BC39-CF9D66BF5CB2}.Release|iPhoneSimulator.Deploy.0 = Release|Any CPU
		{512DBFCE-B041-4901-BC39-CF9D66BF5CB2}.Release|x64.ActiveCfg = Release|Any CPU
		{512DBFCE-B041-4901-BC39-CF9D66BF5CB2}.Release|x64.Build.0 = Release|Any CPU
		{512DBFCE-B041-4901-BC39-CF9D66BF5CB2}.Release|x64.Deploy.0 = Release|Any CPU
		{512DBFCE-B041-4901-BC39-CF9D66BF5CB2}.Release|x86.ActiveCfg = Release|Any CPU
		{512DBFCE-B041-4901-BC39-CF9D66BF5CB2}.Release|x86.Build.0 = Release|Any CPU
		{512DBFCE-B041-4901-BC39-CF9D66BF5CB2}.Release|x86.Deploy.0 = Release|Any CPU
		{1A79A9A1-B871-4389-B403-B60B2905EC5B}.Debug|Any CPU.ActiveCfg = Debug|iPhone
		{1A79A9A1-B871-4389-B403-B60B2905EC5B}.Debug|ARM.ActiveCfg = Debug|iPhone
		{1A79A9A1-B871-4389-B403-B60B2905EC5B}.Debug|iPhone.ActiveCfg = Debug|iPhone
		{1A79A9A1-B871-4389-B403-B60B2905EC5B}.Debug|iPhone.Build.0 = Debug|iPhone
		{1A79A9A1-B871-4389-B403-B60B2905EC5B}.Debug|iPhoneSimulator.ActiveCfg = Debug|iPhoneSimulator
		{1A79A9A1-B871-4389-B403-B60B2905EC5B}.Debug|iPhoneSimulator.Build.0 = Debug|iPhoneSimulator
		{1A79A9A1-B871-4389-B403-B60B2905EC5B}.Debug|x64.ActiveCfg = Debug|iPhone
		{1A79A9A1-B871-4389-B403-B60B2905EC5B}.Debug|x86.ActiveCfg = Debug|iPhone
		{1A79A9A1-B871-4389-B403-B60B2905EC5B}.Release|Any CPU.ActiveCfg = Release|iPhone
		{1A79A9A1-B871-4389-B403-B60B2905EC5B}.Release|ARM.ActiveCfg = Release|iPhone
		{1A79A9A1-B871-4389-B403-B60B2905EC5B}.Release|iPhone.ActiveCfg = Release|iPhone
		{1A79A9A1-B871-4389-B403-B60B2905EC5B}.Release|iPhone.Build.0 = Release|iPhone
		{1A79A9A1-B871-4389-B403-B60B2905EC5B}.Release|iPhoneSimulator.ActiveCfg = Release|iPhoneSimulator
		{1A79A9A1-B871-4389-B403-B60B2905EC5B}.Release|iPhoneSimulator.Build.0 = Release|iPhoneSimulator
		{1A79A9A1-B871-4389-B403-B60B2905EC5B}.Release|x64.ActiveCfg = Release|iPhone
		{1A79A9A1-B871-4389-B403-B60B2905EC5B}.Release|x86.ActiveCfg = Release|iPhone
		{DF77B0A3-7CBD-423B-9AF9-47FDB49EE0E9}.Debug|Any CPU.ActiveCfg = Debug|Any CPU
		{DF77B0A3-7CBD-423B-9AF9-47FDB49EE0E9}.Debug|Any CPU.Build.0 = Debug|Any CPU
		{DF77B0A3-7CBD-423B-9AF9-47FDB49EE0E9}.Debug|ARM.ActiveCfg = Debug|Any CPU
		{DF77B0A3-7CBD-423B-9AF9-47FDB49EE0E9}.Debug|ARM.Build.0 = Debug|Any CPU
		{DF77B0A3-7CBD-423B-9AF9-47FDB49EE0E9}.Debug|iPhone.ActiveCfg = Debug|Any CPU
		{DF77B0A3-7CBD-423B-9AF9-47FDB49EE0E9}.Debug|iPhone.Build.0 = Debug|Any CPU
		{DF77B0A3-7CBD-423B-9AF9-47FDB49EE0E9}.Debug|iPhoneSimulator.ActiveCfg = Debug|Any CPU
		{DF77B0A3-7CBD-423B-9AF9-47FDB49EE0E9}.Debug|iPhoneSimulator.Build.0 = Debug|Any CPU
		{DF77B0A3-7CBD-423B-9AF9-47FDB49EE0E9}.Debug|x64.ActiveCfg = Debug|Any CPU
		{DF77B0A3-7CBD-423B-9AF9-47FDB49EE0E9}.Debug|x64.Build.0 = Debug|Any CPU
		{DF77B0A3-7CBD-423B-9AF9-47FDB49EE0E9}.Debug|x86.ActiveCfg = Debug|Any CPU
		{DF77B0A3-7CBD-423B-9AF9-47FDB49EE0E9}.Debug|x86.Build.0 = Debug|Any CPU
		{DF77B0A3-7CBD-423B-9AF9-47FDB49EE0E9}.Release|Any CPU.ActiveCfg = Release|Any CPU
		{DF77B0A3-7CBD-423B-9AF9-47FDB49EE0E9}.Release|Any CPU.Build.0 = Release|Any CPU
		{DF77B0A3-7CBD-423B-9AF9-47FDB49EE0E9}.Release|ARM.ActiveCfg = Release|Any CPU
		{DF77B0A3-7CBD-423B-9AF9-47FDB49EE0E9}.Release|ARM.Build.0 = Release|Any CPU
		{DF77B0A3-7CBD-423B-9AF9-47FDB49EE0E9}.Release|iPhone.ActiveCfg = Release|Any CPU
		{DF77B0A3-7CBD-423B-9AF9-47FDB49EE0E9}.Release|iPhone.Build.0 = Release|Any CPU
		{DF77B0A3-7CBD-423B-9AF9-47FDB49EE0E9}.Release|iPhoneSimulator.ActiveCfg = Release|Any CPU
		{DF77B0A3-7CBD-423B-9AF9-47FDB49EE0E9}.Release|iPhoneSimulator.Build.0 = Release|Any CPU
		{DF77B0A3-7CBD-423B-9AF9-47FDB49EE0E9}.Release|x64.ActiveCfg = Release|Any CPU
		{DF77B0A3-7CBD-423B-9AF9-47FDB49EE0E9}.Release|x64.Build.0 = Release|Any CPU
		{DF77B0A3-7CBD-423B-9AF9-47FDB49EE0E9}.Release|x86.ActiveCfg = Release|Any CPU
		{DF77B0A3-7CBD-423B-9AF9-47FDB49EE0E9}.Release|x86.Build.0 = Release|Any CPU
		{236CBCCD-E23B-42BA-9CD7-4A65C611584C}.Debug|Any CPU.ActiveCfg = Debug|Any CPU
		{236CBCCD-E23B-42BA-9CD7-4A65C611584C}.Debug|Any CPU.Build.0 = Debug|Any CPU
		{236CBCCD-E23B-42BA-9CD7-4A65C611584C}.Debug|ARM.ActiveCfg = Debug|Any CPU
		{236CBCCD-E23B-42BA-9CD7-4A65C611584C}.Debug|ARM.Build.0 = Debug|Any CPU
		{236CBCCD-E23B-42BA-9CD7-4A65C611584C}.Debug|iPhone.ActiveCfg = Debug|Any CPU
		{236CBCCD-E23B-42BA-9CD7-4A65C611584C}.Debug|iPhone.Build.0 = Debug|Any CPU
		{236CBCCD-E23B-42BA-9CD7-4A65C611584C}.Debug|iPhoneSimulator.ActiveCfg = Debug|Any CPU
		{236CBCCD-E23B-42BA-9CD7-4A65C611584C}.Debug|iPhoneSimulator.Build.0 = Debug|Any CPU
		{236CBCCD-E23B-42BA-9CD7-4A65C611584C}.Debug|x64.ActiveCfg = Debug|Any CPU
		{236CBCCD-E23B-42BA-9CD7-4A65C611584C}.Debug|x64.Build.0 = Debug|Any CPU
		{236CBCCD-E23B-42BA-9CD7-4A65C611584C}.Debug|x86.ActiveCfg = Debug|Any CPU
		{236CBCCD-E23B-42BA-9CD7-4A65C611584C}.Debug|x86.Build.0 = Debug|Any CPU
		{236CBCCD-E23B-42BA-9CD7-4A65C611584C}.Release|Any CPU.ActiveCfg = Release|Any CPU
		{236CBCCD-E23B-42BA-9CD7-4A65C611584C}.Release|Any CPU.Build.0 = Release|Any CPU
		{236CBCCD-E23B-42BA-9CD7-4A65C611584C}.Release|ARM.ActiveCfg = Release|Any CPU
		{236CBCCD-E23B-42BA-9CD7-4A65C611584C}.Release|ARM.Build.0 = Release|Any CPU
		{236CBCCD-E23B-42BA-9CD7-4A65C611584C}.Release|iPhone.ActiveCfg = Release|Any CPU
		{236CBCCD-E23B-42BA-9CD7-4A65C611584C}.Release|iPhone.Build.0 = Release|Any CPU
		{236CBCCD-E23B-42BA-9CD7-4A65C611584C}.Release|iPhoneSimulator.ActiveCfg = Release|Any CPU
		{236CBCCD-E23B-42BA-9CD7-4A65C611584C}.Release|iPhoneSimulator.Build.0 = Release|Any CPU
		{236CBCCD-E23B-42BA-9CD7-4A65C611584C}.Release|x64.ActiveCfg = Release|Any CPU
		{236CBCCD-E23B-42BA-9CD7-4A65C611584C}.Release|x64.Build.0 = Release|Any CPU
		{236CBCCD-E23B-42BA-9CD7-4A65C611584C}.Release|x86.ActiveCfg = Release|Any CPU
		{236CBCCD-E23B-42BA-9CD7-4A65C611584C}.Release|x86.Build.0 = Release|Any CPU
		{6CA1DBD2-9DD6-48D3-B009-4572D31DE761}.Debug|Any CPU.ActiveCfg = Debug|Any CPU
		{6CA1DBD2-9DD6-48D3-B009-4572D31DE761}.Debug|Any CPU.Build.0 = Debug|Any CPU
		{6CA1DBD2-9DD6-48D3-B009-4572D31DE761}.Debug|Any CPU.Deploy.0 = Debug|Any CPU
		{6CA1DBD2-9DD6-48D3-B009-4572D31DE761}.Debug|ARM.ActiveCfg = Debug|Any CPU
		{6CA1DBD2-9DD6-48D3-B009-4572D31DE761}.Debug|ARM.Build.0 = Debug|Any CPU
		{6CA1DBD2-9DD6-48D3-B009-4572D31DE761}.Debug|ARM.Deploy.0 = Debug|Any CPU
		{6CA1DBD2-9DD6-48D3-B009-4572D31DE761}.Debug|iPhone.ActiveCfg = Debug|Any CPU
		{6CA1DBD2-9DD6-48D3-B009-4572D31DE761}.Debug|iPhone.Build.0 = Debug|Any CPU
		{6CA1DBD2-9DD6-48D3-B009-4572D31DE761}.Debug|iPhone.Deploy.0 = Debug|Any CPU
		{6CA1DBD2-9DD6-48D3-B009-4572D31DE761}.Debug|iPhoneSimulator.ActiveCfg = Debug|Any CPU
		{6CA1DBD2-9DD6-48D3-B009-4572D31DE761}.Debug|iPhoneSimulator.Build.0 = Debug|Any CPU
		{6CA1DBD2-9DD6-48D3-B009-4572D31DE761}.Debug|iPhoneSimulator.Deploy.0 = Debug|Any CPU
		{6CA1DBD2-9DD6-48D3-B009-4572D31DE761}.Debug|x64.ActiveCfg = Debug|Any CPU
		{6CA1DBD2-9DD6-48D3-B009-4572D31DE761}.Debug|x64.Build.0 = Debug|Any CPU
		{6CA1DBD2-9DD6-48D3-B009-4572D31DE761}.Debug|x64.Deploy.0 = Debug|Any CPU
		{6CA1DBD2-9DD6-48D3-B009-4572D31DE761}.Debug|x86.ActiveCfg = Debug|Any CPU
		{6CA1DBD2-9DD6-48D3-B009-4572D31DE761}.Debug|x86.Build.0 = Debug|Any CPU
		{6CA1DBD2-9DD6-48D3-B009-4572D31DE761}.Debug|x86.Deploy.0 = Debug|Any CPU
		{6CA1DBD2-9DD6-48D3-B009-4572D31DE761}.Release|Any CPU.ActiveCfg = Release|Any CPU
		{6CA1DBD2-9DD6-48D3-B009-4572D31DE761}.Release|Any CPU.Build.0 = Release|Any CPU
		{6CA1DBD2-9DD6-48D3-B009-4572D31DE761}.Release|Any CPU.Deploy.0 = Release|Any CPU
		{6CA1DBD2-9DD6-48D3-B009-4572D31DE761}.Release|ARM.ActiveCfg = Release|Any CPU
		{6CA1DBD2-9DD6-48D3-B009-4572D31DE761}.Release|ARM.Build.0 = Release|Any CPU
		{6CA1DBD2-9DD6-48D3-B009-4572D31DE761}.Release|ARM.Deploy.0 = Release|Any CPU
		{6CA1DBD2-9DD6-48D3-B009-4572D31DE761}.Release|iPhone.ActiveCfg = Release|Any CPU
		{6CA1DBD2-9DD6-48D3-B009-4572D31DE761}.Release|iPhone.Build.0 = Release|Any CPU
		{6CA1DBD2-9DD6-48D3-B009-4572D31DE761}.Release|iPhone.Deploy.0 = Release|Any CPU
		{6CA1DBD2-9DD6-48D3-B009-4572D31DE761}.Release|iPhoneSimulator.ActiveCfg = Release|Any CPU
		{6CA1DBD2-9DD6-48D3-B009-4572D31DE761}.Release|iPhoneSimulator.Build.0 = Release|Any CPU
		{6CA1DBD2-9DD6-48D3-B009-4572D31DE761}.Release|iPhoneSimulator.Deploy.0 = Release|Any CPU
		{6CA1DBD2-9DD6-48D3-B009-4572D31DE761}.Release|x64.ActiveCfg = Release|Any CPU
		{6CA1DBD2-9DD6-48D3-B009-4572D31DE761}.Release|x64.Build.0 = Release|Any CPU
		{6CA1DBD2-9DD6-48D3-B009-4572D31DE761}.Release|x64.Deploy.0 = Release|Any CPU
		{6CA1DBD2-9DD6-48D3-B009-4572D31DE761}.Release|x86.ActiveCfg = Release|Any CPU
		{6CA1DBD2-9DD6-48D3-B009-4572D31DE761}.Release|x86.Build.0 = Release|Any CPU
		{6CA1DBD2-9DD6-48D3-B009-4572D31DE761}.Release|x86.Deploy.0 = Release|Any CPU
		{41489972-4AAB-49AC-9FC9-5C81A1094838}.Debug|Any CPU.ActiveCfg = Debug|iPhone
		{41489972-4AAB-49AC-9FC9-5C81A1094838}.Debug|ARM.ActiveCfg = Debug|iPhone
		{41489972-4AAB-49AC-9FC9-5C81A1094838}.Debug|iPhone.ActiveCfg = Debug|iPhone
		{41489972-4AAB-49AC-9FC9-5C81A1094838}.Debug|iPhone.Build.0 = Debug|iPhone
		{41489972-4AAB-49AC-9FC9-5C81A1094838}.Debug|iPhoneSimulator.ActiveCfg = Debug|iPhoneSimulator
		{41489972-4AAB-49AC-9FC9-5C81A1094838}.Debug|iPhoneSimulator.Build.0 = Debug|iPhoneSimulator
		{41489972-4AAB-49AC-9FC9-5C81A1094838}.Debug|x64.ActiveCfg = Debug|iPhone
		{41489972-4AAB-49AC-9FC9-5C81A1094838}.Debug|x86.ActiveCfg = Debug|iPhone
		{41489972-4AAB-49AC-9FC9-5C81A1094838}.Release|Any CPU.ActiveCfg = Release|iPhone
		{41489972-4AAB-49AC-9FC9-5C81A1094838}.Release|ARM.ActiveCfg = Release|iPhone
		{41489972-4AAB-49AC-9FC9-5C81A1094838}.Release|iPhone.ActiveCfg = Release|iPhone
		{41489972-4AAB-49AC-9FC9-5C81A1094838}.Release|iPhone.Build.0 = Release|iPhone
		{41489972-4AAB-49AC-9FC9-5C81A1094838}.Release|iPhoneSimulator.ActiveCfg = Release|iPhoneSimulator
		{41489972-4AAB-49AC-9FC9-5C81A1094838}.Release|iPhoneSimulator.Build.0 = Release|iPhoneSimulator
		{41489972-4AAB-49AC-9FC9-5C81A1094838}.Release|x64.ActiveCfg = Release|iPhone
		{41489972-4AAB-49AC-9FC9-5C81A1094838}.Release|x86.ActiveCfg = Release|iPhone
	EndGlobalSection
	GlobalSection(SolutionProperties) = preSolution
		HideSolutionNode = FALSE
	EndGlobalSection
	GlobalSection(NestedProjects) = preSolution
		{09D53617-D3ED-4191-81D8-2E01C0A3DA5F} = {31043BDB-6ECF-4466-8E8F-6ABBD1F7E36B}
		{ACAD98F6-84E2-44A3-81FF-F2BC07D6056A} = {4D42C2F2-8E6A-47DA-B08F-0E3159AD06FA}
		{51AF0B4E-92A4-436C-A4CA-F0EE302FB5BD} = {4D42C2F2-8E6A-47DA-B08F-0E3159AD06FA}
		{BA986018-C1B1-44D0-BB02-7E9A9E78FFC8} = {ACAD98F6-84E2-44A3-81FF-F2BC07D6056A}
		{512DBFCE-B041-4901-BC39-CF9D66BF5CB2} = {ACAD98F6-84E2-44A3-81FF-F2BC07D6056A}
		{1A79A9A1-B871-4389-B403-B60B2905EC5B} = {ACAD98F6-84E2-44A3-81FF-F2BC07D6056A}
		{DF77B0A3-7CBD-423B-9AF9-47FDB49EE0E9} = {ACAD98F6-84E2-44A3-81FF-F2BC07D6056A}
		{236CBCCD-E23B-42BA-9CD7-4A65C611584C} = {51AF0B4E-92A4-436C-A4CA-F0EE302FB5BD}
		{6CA1DBD2-9DD6-48D3-B009-4572D31DE761} = {51AF0B4E-92A4-436C-A4CA-F0EE302FB5BD}
		{41489972-4AAB-49AC-9FC9-5C81A1094838} = {51AF0B4E-92A4-436C-A4CA-F0EE302FB5BD}
	EndGlobalSection
	GlobalSection(ExtensibilityGlobals) = postSolution
		SolutionGuid = {BF7AA85B-3FAC-4E8D-84E6-E937813ECF19}
	EndGlobalSection
EndGlobal
