
Microsoft Visual Studio Solution File, Format Version 12.00
# Visual Studio Version 16
VisualStudioVersion = 16.0.28917.182
MinimumVisualStudioVersion = 10.0.40219.1
Project("{9A19103F-16F7-4668-BE54-9A1E7A4F7556}") = "Shop.Common", "Shop.Common\Shop.Common.csproj", "{90A6551A-101F-44A2-92AE-E228E2054D63}"
EndProject
Project("{2150E333-8FDC-42A3-9474-1A3956D46DE8}") = "Backend", "Backend", "{31043BDB-6ECF-4466-8E8F-6ABBD1F7E36B}"
EndProject
Project("{2150E333-8FDC-42A3-9474-1A3956D46DE8}") = "Frontend", "Frontend", "{4D42C2F2-8E6A-47DA-B08F-0E3159AD06FA}"
	ProjectSection(SolutionItems) = preProject
		Shop.Web\Startup.cs = Shop.Web\Startup.cs
	EndProjectSection
EndProject
Project("{9A19103F-16F7-4668-BE54-9A1E7A4F7556}") = "Shop.Web", "Shop.Web\Shop.Web.csproj", "{09D53617-D3ED-4191-81D8-2E01C0A3DA5F}"
EndProject
Project("{2150E333-8FDC-42A3-9474-1A3956D46DE8}") = "Forms", "Forms", "{ACAD98F6-84E2-44A3-81FF-F2BC07D6056A}"
EndProject
Project("{2150E333-8FDC-42A3-9474-1A3956D46DE8}") = "Classic", "Classic", "{51AF0B4E-92A4-436C-A4CA-F0EE302FB5BD}"
EndProject
Project("{FAE04EC0-301F-11D3-BF4B-00C04F79EFBC}") = "Shop.UIForms.UWP", "Shop.UIForms\Shop.UIForms.UWP\Shop.UIForms.UWP.csproj", "{BA986018-C1B1-44D0-BB02-7E9A9E78FFC8}"
EndProject
Project("{FAE04EC0-301F-11D3-BF4B-00C04F79EFBC}") = "Shop.UIForms.Android", "Shop.UIForms\Shop.UIForms.Android\Shop.UIForms.Android.csproj", "{512DBFCE-B041-4901-BC39-CF9D66BF5CB2}"
EndProject
Project("{9A19103F-16F7-4668-BE54-9A1E7A4F7556}") = "Shop.UIForms", "Shop.UIForms\Shop.UIForms\Shop.UIForms.csproj", "{DF77B0A3-7CBD-423B-9AF9-47FDB49EE0E9}"
EndProject
Global
	GlobalSection(SolutionConfigurationPlatforms) = preSolution
		Debug|Any CPU = Debug|Any CPU
		Debug|ARM = Debug|ARM
		Debug|iPhone = Debug|iPhone
		Debug|iPhoneSimulator = Debug|iPhoneSimulator
		Debug|x64 = Debug|x64
		Debug|x86 = Debug|x86
		Release|Any CPU = Release|Any CPU
		Release|ARM = Release|ARM
		Release|iPhone = Release|iPhone
		Release|iPhoneSimulator = Release|iPhoneSimulator
		Release|x64 = Release|x64
		Release|x86 = Release|x86
	EndGlobalSection
	GlobalSection(ProjectConfigurationPlatforms) = postSolution
		{90A6551A-101F-44A2-92AE-E228E2054D63}.Debug|Any CPU.ActiveCfg = Debug|Any CPU
		{90A6551A-101F-44A2-92AE-E228E2054D63}.Debug|Any CPU.Build.0 = Debug|Any CPU
		{90A6551A-101F-44A2-92AE-E228E2054D63}.Debug|ARM.ActiveCfg = Debug|Any CPU
		{90A6551A-101F-44A2-92AE-E228E2054D63}.Debug|ARM.Build.0 = Debug|Any CPU
		{90A6551A-101F-44A2-92AE-E228E2054D63}.Debug|iPhone.ActiveCfg = Debug|Any CPU
		{90A6551A-101F-44A2-92AE-E228E2054D63}.Debug|iPhone.Build.0 = Debug|Any CPU
		{90A6551A-101F-44A2-92AE-E228E2054D63}.Debug|iPhoneSimulator.ActiveCfg = Debug|Any CPU
		{90A6551A-101F-44A2-92AE-E228E2054D63}.Debug|iPhoneSimulator.Build.0 = Debug|Any CPU
		{90A6551A-101F-44A2-92AE-E228E2054D63}.Debug|x64.ActiveCfg = Debug|Any CPU
		{90A6551A-101F-44A2-92AE-E228E2054D63}.Debug|x64.Build.0 = Debug|Any CPU
		{90A6551A-101F-44A2-92AE-E228E2054D63}.Debug|x86.ActiveCfg = Debug|Any CPU
		{90A6551A-101F-44A2-92AE-E228E2054D63}.Debug|x86.Build.0 = Debug|Any CPU
		{90A6551A-101F-44A2-92AE-E228E2054D63}.Release|Any CPU.ActiveCfg = Release|Any CPU
		{90A6551A-101F-44A2-92AE-E228E2054D63}.Release|Any CPU.Build.0 = Release|Any CPU
		{90A6551A-101F-44A2-92AE-E228E2054D63}.Release|ARM.ActiveCfg = Release|Any CPU
		{90A6551A-101F-44A2-92AE-E228E2054D63}.Release|ARM.Build.0 = Release|Any CPU
		{90A6551A-101F-44A2-92AE-E228E2054D63}.Release|iPhone.ActiveCfg = Release|Any CPU
		{90A6551A-101F-44A2-92AE-E228E2054D63}.Release|iPhone.Build.0 = Release|Any CPU
		{90A6551A-101F-44A2-92AE-E228E2054D63}.Release|iPhoneSimulator.ActiveCfg = Release|Any CPU
		{90A6551A-101F-44A2-92AE-E228E2054D63}.Release|iPhoneSimulator.Build.0 = Release|Any CPU
		{90A6551A-101F-44A2-92AE-E228E2054D63}.Release|x64.ActiveCfg = Release|Any CPU
		{90A6551A-101F-44A2-92AE-E228E2054D63}.Release|x64.Build.0 = Release|Any CPU
		{90A6551A-101F-44A2-92AE-E228E2054D63}.Release|x86.ActiveCfg = Release|Any CPU
		{90A6551A-101F-44A2-92AE-E228E2054D63}.Release|x86.Build.0 = Release|Any CPU
		{09D53617-D3ED-4191-81D8-2E01C0A3DA5F}.Debug|Any CPU.ActiveCfg = Debug|Any CPU
		{09D53617-D3ED-4191-81D8-2E01C0A3DA5F}.Debug|Any CPU.Build.0 = Debug|Any CPU
		{09D53617-D3ED-4191-81D8-2E01C0A3DA5F}.Debug|ARM.ActiveCfg = Debug|Any CPU
		{09D53617-D3ED-4191-81D8-2E01C0A3DA5F}.Debug|ARM.Build.0 = Debug|Any CPU
		{09D53617-D3ED-4191-81D8-2E01C0A3DA5F}.Debug|iPhone.ActiveCfg = Debug|Any CPU
		{09D53617-D3ED-4191-81D8-2E01C0A3DA5F}.Debug|iPhone.Build.0 = Debug|Any CPU
		{09D53617-D3ED-4191-81D8-2E01C0A3DA5F}.Debug|iPhoneSimulator.ActiveCfg = Debug|Any CPU
		{09D53617-D3ED-4191-81D8-2E01C0A3DA5F}.Debug|iPhoneSimulator.Build.0 = Debug|Any CPU
		{09D53617-D3ED-4191-81D8-2E01C0A3DA5F}.Debug|x64.ActiveCfg = Debug|Any CPU
		{09D53617-D3ED-4191-81D8-2E01C0A3DA5F}.Debug|x64.Build.0 = Debug|Any CPU
		{09D53617-D3ED-4191-81D8-2E01C0A3DA5F}.Debug|x86.ActiveCfg = Debug|Any CPU
		{09D53617-D3ED-4191-81D8-2E01C0A3DA5F}.Debug|x86.Build.0 = Debug|Any CPU
		{09D53617-D3ED-4191-81D8-2E01C0A3DA5F}.Release|Any CPU.ActiveCfg = Release|Any CPU
		{09D53617-D3ED-4191-81D8-2E01C0A3DA5F}.Release|Any CPU.Build.0 = Release|Any CPU
		{09D53617-D3ED-4191-81D8-2E01C0A3DA5F}.Release|ARM.ActiveCfg = Release|Any CPU
		{09D53617-D3ED-4191-81D8-2E01C0A3DA5F}.Release|ARM.Build.0 = Release|Any CPU
		{09D53617-D3ED-4191-81D8-2E01C0A3DA5F}.Release|iPhone.ActiveCfg = Release|Any CPU
		{09D53617-D3ED-4191-81D8-2E01C0A3DA5F}.Release|iPhone.Build.0 = Release|Any CPU
		{09D53617-D3ED-4191-81D8-2E01C0A3DA5F}.Release|iPhoneSimulator.ActiveCfg = Release|Any CPU
		{09D53617-D3ED-4191-81D8-2E01C0A3DA5F}.Release|iPhoneSimulator.Build.0 = Release|Any CPU
		{09D53617-D3ED-4191-81D8-2E01C0A3DA5F}.Release|x64.ActiveCfg = Release|Any CPU
		{09D53617-D3ED-4191-81D8-2E01C0A3DA5F}.Release|x64.Build.0 = Release|Any CPU
		{09D53617-D3ED-4191-81D8-2E01C0A3DA5F}.Release|x86.ActiveCfg = Release|Any CPU
		{09D53617-D3ED-4191-81D8-2E01C0A3DA5F}.Release|x86.Build.0 = Release|Any CPU
		{BA986018-C1B1-44D0-BB02-7E9A9E78FFC8}.Debug|Any CPU.ActiveCfg = Debug|x86
		{BA986018-C1B1-44D0-BB02-7E9A9E78FFC8}.Debug|ARM.ActiveCfg = Debug|ARM
		{BA986018-C1B1-44D0-BB02-7E9A9E78FFC8}.Debug|ARM.Build.0 = Debug|ARM
		{BA986018-C1B1-44D0-BB02-7E9A9E78FFC8}.Debug|ARM.Deploy.0 = Debug|ARM
		{BA986018-C1B1-44D0-BB02-7E9A9E78FFC8}.Debug|iPhone.ActiveCfg = Debug|x86
		{BA986018-C1B1-44D0-BB02-7E9A9E78FFC8}.Debug|iPhoneSimulator.ActiveCfg = Debug|x86
		{BA986018-C1B1-44D0-BB02-7E9A9E78FFC8}.Debug|x64.ActiveCfg = Debug|x64
		{BA986018-C1B1-44D0-BB02-7E9A9E78FFC8}.Debug|x64.Build.0 = Debug|x64
		{BA986018-C1B1-44D0-BB02-7E9A9E78FFC8}.Debug|x64.Deploy.0 = Debug|x64
		{BA986018-C1B1-44D0-BB02-7E9A9E78FFC8}.Debug|x86.ActiveCfg = Debug|x86
		{BA986018-C1B1-44D0-BB02-7E9A9E78FFC8}.Debug|x86.Build.0 = Debug|x86
		{BA986018-C1B1-44D0-BB02-7E9A9E78FFC8}.Debug|x86.Deploy.0 = Debug|x86
		{BA986018-C1B1-44D0-BB02-7E9A9E78FFC8}.Release|Any CPU.ActiveCfg = Release|x86
		{BA986018-C1B1-44D0-BB02-7E9A9E78FFC8}.Release|ARM.ActiveCfg = Release|ARM
		{BA986018-C1B1-44D0-BB02-7E9A9E78FFC8}.Release|ARM.Build.0 = Release|ARM
		{BA986018-C1B1-44D0-BB02-7E9A9E78FFC8}.Release|ARM.Deploy.0 = Release|ARM
		{BA986018-C1B1-44D0-BB02-7E9A9E78FFC8}.Release|iPhone.ActiveCfg = Release|x86
		{BA986018-C1B1-44D0-BB02-7E9A9E78FFC8}.Release|iPhoneSimulator.ActiveCfg = Release|x86
		{BA986018-C1B1-44D0-BB02-7E9A9E78FFC8}.Release|x64.ActiveCfg = Release|x64
		{BA986018-C1B1-44D0-BB02-7E9A9E78FFC8}.Release|x64.Build.0 = Release|x64
		{BA986018-C1B1-44D0-BB02-7E9A9E78FFC8}.Release|x64.Deploy.0 = Release|x64
		{BA986018-C1B1-44D0-BB02-7E9A9E78FFC8}.Release|x86.ActiveCfg = Release|x86
		{BA986018-C1B1-44D0-BB02-7E9A9E78FFC8}.Release|x86.Build.0 = Release|x86
		{BA986018-C1B1-44D0-BB02-7E9A9E78FFC8}.Release|x86.Deploy.0 = Release|x86
		{512DBFCE-B041-4901-BC39-CF9D66BF5CB2}.Debug|Any CPU.ActiveCfg = Debug|Any CPU
		{512DBFCE-B041-4901-BC39-CF9D66BF5CB2}.Debug|Any CPU.Build.0 = Debug|Any CPU
		{512DBFCE-B041-4901-BC39-CF9D66BF5CB2}.Debug|Any CPU.Deploy.0 = Debug|Any CPU
		{512DBFCE-B041-4901-BC39-CF9D66BF5CB2}.Debug|ARM.ActiveCfg = Debug|Any CPU
		{512DBFCE-B041-4901-BC39-CF9D66BF5CB2}.Debug|ARM.Build.0 = Debug|Any CPU
		{512DBFCE-B041-4901-BC39-CF9D66BF5CB2}.Debug|ARM.Deploy.0 = Debug|Any CPU
		{512DBFCE-B041-4901-BC39-CF9D66BF5CB2}.Debug|iPhone.ActiveCfg = Debug|Any CPU
		{512DBFCE-B041-4901-BC39-CF9D66BF5CB2}.Debug|iPhone.Build.0 = Debug|Any CPU
		{512DBFCE-B041-4901-BC39-CF9D66BF5CB2}.Debug|iPhone.Deploy.0 = Debug|Any CPU
		{512DBFCE-B041-4901-BC39-CF9D66BF5CB2}.Debug|iPhoneSimulator.ActiveCfg = Debug|Any CPU
		{512DBFCE-B041-4901-BC39-CF9D66BF5CB2}.Debug|iPhoneSimulator.Build.0 = Debug|Any CPU
		{512DBFCE-B041-4901-BC39-CF9D66BF5CB2}.Debug|iPhoneSimulator.Deploy.0 = Debug|Any CPU
		{512DBFCE-B041-4901-BC39-CF9D66BF5CB2}.Debug|x64.ActiveCfg = Debug|Any CPU
		{512DBFCE-B041-4901-BC39-CF9D66BF5CB2}.Debug|x64.Build.0 = Debug|Any CPU
		{512DBFCE-B041-4901-BC39-CF9D66BF5CB2}.Debug|x64.Deploy.0 = Debug|Any CPU
		{512DBFCE-B041-4901-BC39-CF9D66BF5CB2}.Debug|x86.ActiveCfg = Debug|Any CPU
		{512DBFCE-B041-4901-BC39-CF9D66BF5CB2}.Debug|x86.Build.0 = Debug|Any CPU
		{512DBFCE-B041-4901-BC39-CF9D66BF5CB2}.Debug|x86.Deploy.0 = Debug|Any CPU
		{512DBFCE-B041-4901-BC39-CF9D66BF5CB2}.Release|Any CPU.ActiveCfg = Release|Any CPU
		{512DBFCE-B041-4901-BC39-CF9D66BF5CB2}.Release|Any CPU.Build.0 = Release|Any CPU
		{512DBFCE-B041-4901-BC39-CF9D66BF5CB2}.Release|Any CPU.Deploy.0 = Release|Any CPU
		{512DBFCE-B041-4901-BC39-CF9D66BF5CB2}.Release|ARM.ActiveCfg = Release|Any CPU
		{512DBFCE-B041-4901-BC39-CF9D66BF5CB2}.Release|ARM.Build.0 = Release|Any CPU
		{512DBFCE-B041-4901-BC39-CF9D66BF5CB2}.Release|ARM.Deploy.0 = Release|Any CPU
		{512DBFCE-B041-4901-BC39-CF9D66BF5CB2}.Release|iPhone.ActiveCfg = Release|Any CPU
		{512DBFCE-B041-4901-BC39-CF9D66BF5CB2}.Release|iPhone.Build.0 = Release|Any CPU
		{512DBFCE-B041-4901-BC39-CF9D66BF5CB2}.Release|iPhone.Deploy.0 = Release|Any CPU
		{512DBFCE-B041-4901-BC39-CF9D66BF5CB2}.Release|iPhoneSimulator.ActiveCfg = Release|Any CPU
		{512DBFCE-B041-4901-BC39-CF9D66BF5CB2}.Release|iPhoneSimulator.Build.0 = Release|Any CPU
		{512DBFCE-B041-4901-BC39-CF9D66BF5CB2}.Release|iPhoneSimulator.Deploy.0 = Release|Any CPU
		{512DBFCE-B041-4901-BC39-CF9D66BF5CB2}.Release|x64.ActiveCfg = Release|Any CPU
		{512DBFCE-B041-4901-BC39-CF9D66BF5CB2}.Release|x64.Build.0 = Release|Any CPU
		{512DBFCE-B041-4901-BC39-CF9D66BF5CB2}.Release|x64.Deploy.0 = Release|Any CPU
		{512DBFCE-B041-4901-BC39-CF9D66BF5CB2}.Release|x86.ActiveCfg = Release|Any CPU
		{512DBFCE-B041-4901-BC39-CF9D66BF5CB2}.Release|x86.Build.0 = Release|Any CPU
		{512DBFCE-B041-4901-BC39-CF9D66BF5CB2}.Release|x86.Deploy.0 = Release|Any CPU
		{DF77B0A3-7CBD-423B-9AF9-47FDB49EE0E9}.Debug|Any CPU.ActiveCfg = Debug|Any CPU
		{DF77B0A3-7CBD-423B-9AF9-47FDB49EE0E9}.Debug|Any CPU.Build.0 = Debug|Any CPU
		{DF77B0A3-7CBD-423B-9AF9-47FDB49EE0E9}.Debug|ARM.ActiveCfg = Debug|Any CPU
		{DF77B0A3-7CBD-423B-9AF9-47FDB49EE0E9}.Debug|ARM.Build.0 = Debug|Any CPU
		{DF77B0A3-7CBD-423B-9AF9-47FDB49EE0E9}.Debug|iPhone.ActiveCfg = Debug|Any CPU
		{DF77B0A3-7CBD-423B-9AF9-47FDB49EE0E9}.Debug|iPhone.Build.0 = Debug|Any CPU
		{DF77B0A3-7CBD-423B-9AF9-47FDB49EE0E9}.Debug|iPhoneSimulator.ActiveCfg = Debug|Any CPU
		{DF77B0A3-7CBD-423B-9AF9-47FDB49EE0E9}.Debug|iPhoneSimulator.Build.0 = Debug|Any CPU
		{DF77B0A3-7CBD-423B-9AF9-47FDB49EE0E9}.Debug|x64.ActiveCfg = Debug|Any CPU
		{DF77B0A3-7CBD-423B-9AF9-47FDB49EE0E9}.Debug|x64.Build.0 = Debug|Any CPU
		{DF77B0A3-7CBD-423B-9AF9-47FDB49EE0E9}.Debug|x86.ActiveCfg = Debug|Any CPU
		{DF77B0A3-7CBD-423B-9AF9-47FDB49EE0E9}.Debug|x86.Build.0 = Debug|Any CPU
		{DF77B0A3-7CBD-423B-9AF9-47FDB49EE0E9}.Release|Any CPU.ActiveCfg = Release|Any CPU
		{DF77B0A3-7CBD-423B-9AF9-47FDB49EE0E9}.Release|Any CPU.Build.0 = Release|Any CPU
		{DF77B0A3-7CBD-423B-9AF9-47FDB49EE0E9}.Release|ARM.ActiveCfg = Release|Any CPU
		{DF77B0A3-7CBD-423B-9AF9-47FDB49EE0E9}.Release|ARM.Build.0 = Release|Any CPU
		{DF77B0A3-7CBD-423B-9AF9-47FDB49EE0E9}.Release|iPhone.ActiveCfg = Release|Any CPU
		{DF77B0A3-7CBD-423B-9AF9-47FDB49EE0E9}.Release|iPhone.Build.0 = Release|Any CPU
		{DF77B0A3-7CBD-423B-9AF9-47FDB49EE0E9}.Release|iPhoneSimulator.ActiveCfg = Release|Any CPU
		{DF77B0A3-7CBD-423B-9AF9-47FDB49EE0E9}.Release|iPhoneSimulator.Build.0 = Release|Any CPU
		{DF77B0A3-7CBD-423B-9AF9-47FDB49EE0E9}.Release|x64.ActiveCfg = Release|Any CPU
		{DF77B0A3-7CBD-423B-9AF9-47FDB49EE0E9}.Release|x64.Build.0 = Release|Any CPU
		{DF77B0A3-7CBD-423B-9AF9-47FDB49EE0E9}.Release|x86.ActiveCfg = Release|Any CPU
		{DF77B0A3-7CBD-423B-9AF9-47FDB49EE0E9}.Release|x86.Build.0 = Release|Any CPU
	EndGlobalSection
	GlobalSection(SolutionProperties) = preSolution
		HideSolutionNode = FALSE
	EndGlobalSection
	GlobalSection(NestedProjects) = preSolution
		{09D53617-D3ED-4191-81D8-2E01C0A3DA5F} = {31043BDB-6ECF-4466-8E8F-6ABBD1F7E36B}
		{ACAD98F6-84E2-44A3-81FF-F2BC07D6056A} = {4D42C2F2-8E6A-47DA-B08F-0E3159AD06FA}
		{51AF0B4E-92A4-436C-A4CA-F0EE302FB5BD} = {4D42C2F2-8E6A-47DA-B08F-0E3159AD06FA}
		{BA986018-C1B1-44D0-BB02-7E9A9E78FFC8} = {ACAD98F6-84E2-44A3-81FF-F2BC07D6056A}
		{512DBFCE-B041-4901-BC39-CF9D66BF5CB2} = {ACAD98F6-84E2-44A3-81FF-F2BC07D6056A}
		{DF77B0A3-7CBD-423B-9AF9-47FDB49EE0E9} = {ACAD98F6-84E2-44A3-81FF-F2BC07D6056A}
	EndGlobalSection
	GlobalSection(ExtensibilityGlobals) = postSolution
		SolutionGuid = {BF7AA85B-3FAC-4E8D-84E6-E937813ECF19}
	EndGlobalSection
EndGlobal
